Microsoft Visual Studio Solution File, Format Version 12.00
# Visual Studio Version 16
VisualStudioVersion = 16.0.0.0
MinimumVisualStudioVersion = 16.0.0.0
Project("{9A19103F-16F7-4668-BE54-9A1E7A4F7556}") = "BlaCrudWeb.Server", "Server\BlaCrudWeb.Server.csproj", "{FB59A14D-1F49-4109-93DA-1AA1DD9ECD9F}"
EndProject
Project("{9A19103F-16F7-4668-BE54-9A1E7A4F7556}") = "BlaCrudWeb.Client", "Client\BlaCrudWeb.Client.csproj", "{872AC938-553E-45F3-8C18-C2CDAAC1C5FA}"
EndProject
Project("{9A19103F-16F7-4668-BE54-9A1E7A4F7556}") = "BlaCrudWeb.Shared", "Shared\BlaCrudWeb.Shared.csproj", "{BA8C3359-2E34-404C-836B-E22413113C96}"
EndProject
Global
	GlobalSection(SolutionConfigurationPlatforms) = preSolution
		Debug|Any CPU = Debug|Any CPU
		Debug|x64 = Debug|x64
		Debug|x86 = Debug|x86
		Release|Any CPU = Release|Any CPU
		Release|x64 = Release|x64
		Release|x86 = Release|x86
	EndGlobalSection
	GlobalSection(ProjectConfigurationPlatforms) = postSolution
		{872AC938-553E-45F3-8C18-C2CDAAC1C5FA}.Debug|Any CPU.ActiveCfg = Debug|Any CPU
		{872AC938-553E-45F3-8C18-C2CDAAC1C5FA}.Debug|Any CPU.Build.0 = Debug|Any CPU
		{872AC938-553E-45F3-8C18-C2CDAAC1C5FA}.Debug|x64.ActiveCfg = Debug|Any CPU
		{872AC938-553E-45F3-8C18-C2CDAAC1C5FA}.Debug|x64.Build.0 = Debug|Any CPU
		{872AC938-553E-45F3-8C18-C2CDAAC1C5FA}.Debug|x86.ActiveCfg = Debug|Any CPU
		{872AC938-553E-45F3-8C18-C2CDAAC1C5FA}.Debug|x86.Build.0 = Debug|Any CPU
		{872AC938-553E-45F3-8C18-C2CDAAC1C5FA}.Release|Any CPU.ActiveCfg = Release|Any CPU
		{872AC938-553E-45F3-8C18-C2CDAAC1C5FA}.Release|Any CPU.Build.0 = Release|Any CPU
		{872AC938-553E-45F3-8C18-C2CDAAC1C5FA}.Release|x64.ActiveCfg = Release|Any CPU
		{872AC938-553E-45F3-8C18-C2CDAAC1C5FA}.Release|x64.Build.0 = Release|Any CPU
		{872AC938-553E-45F3-8C18-C2CDAAC1C5FA}.Release|x86.ActiveCfg = Release|Any CPU
		{872AC938-553E-45F3-8C18-C2CDAAC1C5FA}.Release|x86.Build.0 = Release|Any CPU
		{FB59A14D-1F49-4109-93DA-1AA1DD9ECD9F}.Debug|Any CPU.ActiveCfg = Debug|Any CPU
		{FB59A14D-1F49-4109-93DA-1AA1DD9ECD9F}.Debug|Any CPU.Build.0 = Debug|Any CPU
		{FB59A14D-1F49-4109-93DA-1AA1DD9ECD9F}.Debug|x64.ActiveCfg = Debug|Any CPU
		{FB59A14D-1F49-4109-93DA-1AA1DD9ECD9F}.Debug|x64.Build.0 = Debug|Any CPU
		{FB59A14D-1F49-4109-93DA-1AA1DD9ECD9F}.Debug|x86.ActiveCfg = Debug|Any CPU
		{FB59A14D-1F49-4109-93DA-1AA1DD9ECD9F}.Debug|x86.Build.0 = Debug|Any CPU
		{FB59A14D-1F49-4109-93DA-1AA1DD9ECD9F}.Release|Any CPU.ActiveCfg = Release|Any CPU
		{FB59A14D-1F49-4109-93DA-1AA1DD9ECD9F}.Release|Any CPU.Build.0 = Release|Any CPU
		{FB59A14D-1F49-4109-93DA-1AA1DD9ECD9F}.Release|x64.ActiveCfg = Release|Any CPU
		{FB59A14D-1F49-4109-93DA-1AA1DD9ECD9F}.Release|x64.Build.0 = Release|Any CPU
		{FB59A14D-1F49-4109-93DA-1AA1DD9ECD9F}.Release|x86.ActiveCfg = Release|Any CPU
		{FB59A14D-1F49-4109-93DA-1AA1DD9ECD9F}.Release|x86.Build.0 = Release|Any CPU
		{BA8C3359-2E34-404C-836B-E22413113C96}.Debug|Any CPU.ActiveCfg = Debug|Any CPU
		{BA8C3359-2E34-404C-836B-E22413113C96}.Debug|Any CPU.Build.0 = Debug|Any CPU
		{BA8C3359-2E34-404C-836B-E22413113C96}.Debug|x64.ActiveCfg = Debug|Any CPU
		{BA8C3359-2E34-404C-836B-E22413113C96}.Debug|x64.Build.0 = Debug|Any CPU
		{BA8C3359-2E34-404C-836B-E22413113C96}.Debug|x86.ActiveCfg = Debug|Any CPU
		{BA8C3359-2E34-404C-836B-E22413113C96}.Debug|x86.Build.0 = Debug|Any CPU
		{BA8C3359-2E34-404C-836B-E22413113C96}.Release|Any CPU.ActiveCfg = Release|Any CPU
		{BA8C3359-2E34-404C-836B-E22413113C96}.Release|Any CPU.Build.0 = Release|Any CPU
		{BA8C3359-2E34-404C-836B-E22413113C96}.Release|x64.ActiveCfg = Release|Any CPU
		{BA8C3359-2E34-404C-836B-E22413113C96}.Release|x64.Build.0 = Release|Any CPU
		{BA8C3359-2E34-404C-836B-E22413113C96}.Release|x86.ActiveCfg = Release|Any CPU
		{BA8C3359-2E34-404C-836B-E22413113C96}.Release|x86.Build.0 = Release|Any CPU
	EndGlobalSection
	GlobalSection(SolutionProperties) = preSolution
		HideSolutionNode = FALSE
	EndGlobalSection
	GlobalSection(ExtensibilityGlobals) = postSolution
		SolutionGuid = {9AD6598E-C065-4DC9-BB44-AA380529EFE9}
	EndGlobalSection
EndGlobal